{
  "name": "Monopoly",
  "lockfileVersion": 3,
  "requires": true,
  "packages": {
    "": {
      "dependencies": {
        "@huggingface/inference": "^4.13.22"
      }
    },
    "node_modules/@huggingface/inference": {
      "version": "4.13.22",
      "resolved": "https://registry.npmjs.org/@huggingface/inference/-/inference-4.13.22.tgz",
      "integrity": "sha512-z14IAfhOkp7A6s4AR9ZbCylXMl27BchYt2suxoW5haXTW70OIVM/Gu2EgPbx4mCtjdI2mQTz3llJBKoDoOn3FA==",
      "license": "MIT",
      "dependencies": {
        "@huggingface/jinja": "^0.5.9",
        "@huggingface/tasks": "^0.21.18"
      },
      "engines": {
        "node": ">=18"
      }
    },
    "node_modules/@huggingface/jinja": {
      "version": "0.5.9",
      "resolved": "https://registry.npmjs.org/@huggingface/jinja/-/jinja-0.5.9.tgz",
      "integrity": "sha512-uWTG+l3VJRsl7EXxYizuL3P+cCPoc3cRqbWWRcQN0FhejRfbdq0RNhCmbY/YDtnTcz9icdLYuLDjsnz4d8JMuw==",
      "license": "MIT",
      "engines": {
        "node": ">=18"
      }
    },
    "node_modules/@huggingface/tasks": {
      "version": "0.21.22",
      "resolved": "https://registry.npmjs.org/@huggingface/tasks/-/tasks-0.21.22.tgz",
      "integrity": "sha512-OG0wAVRjR6IuR95H1z2DnsXPu/miCAv27DFkQBlTNkOFooyJTNiVQXh0uvoQnosgaYGiIwxiYwEez0U0+uTx7Q==",
      "license": "MIT"
    }
  }
}
